// !$*UTF8*$!
{
	archiveVersion = 1;
	classes = {
	};
	objectVersion = 50;
	objects = {

/* Begin PBXBuildFile section */
		4D4204042586DDE000694E6D /* SessionManager.swift in Sources */ = {isa = PBXBuildFile; fileRef = 4D4204032586DDE000694E6D /* SessionManager.swift */; };
		4D4204092586F23100694E6D /* GameScene.swift in Sources */ = {isa = PBXBuildFile; fileRef = 4D4204082586F23100694E6D /* GameScene.swift */; };
		4D42040F2587E72800694E6D /* Confetti.sks in Resources */ = {isa = PBXBuildFile; fileRef = 4D42040D2587E72800694E6D /* Confetti.sks */; };
		4D4204102587E72800694E6D /* Assets.xcassets in Resources */ = {isa = PBXBuildFile; fileRef = 4D42040E2587E72800694E6D /* Assets.xcassets */; };
		4D4204182588250B00694E6D /* InputView.swift in Sources */ = {isa = PBXBuildFile; fileRef = 4D4204172588250B00694E6D /* InputView.swift */; };
		4D420420258852E000694E6D /* ConfigView.swift in Sources */ = {isa = PBXBuildFile; fileRef = 4D42041F258852E000694E6D /* ConfigView.swift */; };
		4D6EF5F62584C4550019C6CB /* GIFMakerApp.swift in Sources */ = {isa = PBXBuildFile; fileRef = 4D6EF5F52584C4550019C6CB /* GIFMakerApp.swift */; };
		4D6EF5F82584C4550019C6CB /* ContentView.swift in Sources */ = {isa = PBXBuildFile; fileRef = 4D6EF5F72584C4550019C6CB /* ContentView.swift */; };
		4D6EF5FA2584C4560019C6CB /* Assets.xcassets in Resources */ = {isa = PBXBuildFile; fileRef = 4D6EF5F92584C4560019C6CB /* Assets.xcassets */; };
		4D6EF5FD2584C4560019C6CB /* Preview Assets.xcassets in Resources */ = {isa = PBXBuildFile; fileRef = 4D6EF5FC2584C4560019C6CB /* Preview Assets.xcassets */; };
		4D6EF6092584C4560019C6CB /* GIFMakerTests.swift in Sources */ = {isa = PBXBuildFile; fileRef = 4D6EF6082584C4560019C6CB /* GIFMakerTests.swift */; };
		4D6EF6142584C4560019C6CB /* GIFMakerUITests.swift in Sources */ = {isa = PBXBuildFile; fileRef = 4D6EF6132584C4560019C6CB /* GIFMakerUITests.swift */; };
		4D6EF6252584C5500019C6CB /* ffmpeg in Resources */ = {isa = PBXBuildFile; fileRef = 4D6EF6242584C5500019C6CB /* ffmpeg */; };
		4D6EF630258550F80019C6CB /* Terminal.swift in Sources */ = {isa = PBXBuildFile; fileRef = 4D6EF62F258550F80019C6CB /* Terminal.swift */; };
		4D6EF635258567F60019C6CB /* FFMpeg.swift in Sources */ = {isa = PBXBuildFile; fileRef = 4D6EF634258567F60019C6CB /* FFMpeg.swift */; };
		4DB8551B25896CED0011F898 /* SaveOpenManager.swift in Sources */ = {isa = PBXBuildFile; fileRef = 4DB8551A25896CED0011F898 /* SaveOpenManager.swift */; };
		4DBA76202585A29900572FA8 /* DropView.swift in Sources */ = {isa = PBXBuildFile; fileRef = 4DBA761F2585A29900572FA8 /* DropView.swift */; };
/* End PBXBuildFile section */

/* Begin PBXContainerItemProxy section */
		4D6EF6052584C4560019C6CB /* PBXContainerItemProxy */ = {
			isa = PBXContainerItemProxy;
			containerPortal = 4D6EF5EA2584C4550019C6CB /* Project object */;
			proxyType = 1;
			remoteGlobalIDString = 4D6EF5F12584C4550019C6CB;
			remoteInfo = GIFMaker;
		};
		4D6EF6102584C4560019C6CB /* PBXContainerItemProxy */ = {
			isa = PBXContainerItemProxy;
			containerPortal = 4D6EF5EA2584C4550019C6CB /* Project object */;
			proxyType = 1;
			remoteGlobalIDString = 4D6EF5F12584C4550019C6CB;
			remoteInfo = GIFMaker;
		};
/* End PBXContainerItemProxy section */

/* Begin PBXFileReference section */
		4D4204032586DDE000694E6D /* SessionManager.swift */ = {isa = PBXFileReference; lastKnownFileType = sourcecode.swift; path = SessionManager.swift; sourceTree = "<group>"; };
		4D4204082586F23100694E6D /* GameScene.swift */ = {isa = PBXFileReference; lastKnownFileType = sourcecode.swift; path = GameScene.swift; sourceTree = "<group>"; };
		4D42040D2587E72800694E6D /* Confetti.sks */ = {isa = PBXFileReference; lastKnownFileType = file.sks; path = Confetti.sks; sourceTree = "<group>"; };
		4D42040E2587E72800694E6D /* Assets.xcassets */ = {isa = PBXFileReference; lastKnownFileType = folder.assetcatalog; path = Assets.xcassets; sourceTree = "<group>"; };
		4D4204172588250B00694E6D /* InputView.swift */ = {isa = PBXFileReference; lastKnownFileType = sourcecode.swift; path = InputView.swift; sourceTree = "<group>"; };
		4D42041F258852E000694E6D /* ConfigView.swift */ = {isa = PBXFileReference; lastKnownFileType = sourcecode.swift; path = ConfigView.swift; sourceTree = "<group>"; };
		4D6EF5F22584C4550019C6CB /* GIFMaker.app */ = {isa = PBXFileReference; explicitFileType = wrapper.application; includeInIndex = 0; path = GIFMaker.app; sourceTree = BUILT_PRODUCTS_DIR; };
		4D6EF5F52584C4550019C6CB /* GIFMakerApp.swift */ = {isa = PBXFileReference; lastKnownFileType = sourcecode.swift; path = GIFMakerApp.swift; sourceTree = "<group>"; };
		4D6EF5F72584C4550019C6CB /* ContentView.swift */ = {isa = PBXFileReference; lastKnownFileType = sourcecode.swift; path = ContentView.swift; sourceTree = "<group>"; };
		4D6EF5F92584C4560019C6CB /* Assets.xcassets */ = {isa = PBXFileReference; lastKnownFileType = folder.assetcatalog; path = Assets.xcassets; sourceTree = "<group>"; };
		4D6EF5FC2584C4560019C6CB /* Preview Assets.xcassets */ = {isa = PBXFileReference; lastKnownFileType = folder.assetcatalog; path = "Preview Assets.xcassets"; sourceTree = "<group>"; };
		4D6EF5FE2584C4560019C6CB /* Info.plist */ = {isa = PBXFileReference; lastKnownFileType = text.plist.xml; path = Info.plist; sourceTree = "<group>"; };
		4D6EF5FF2584C4560019C6CB /* GIFMaker.entitlements */ = {isa = PBXFileReference; lastKnownFileType = text.plist.entitlements; path = GIFMaker.entitlements; sourceTree = "<group>"; };
		4D6EF6042584C4560019C6CB /* GIFMakerTests.xctest */ = {isa = PBXFileReference; explicitFileType = wrapper.cfbundle; includeInIndex = 0; path = GIFMakerTests.xctest; sourceTree = BUILT_PRODUCTS_DIR; };
		4D6EF6082584C4560019C6CB /* GIFMakerTests.swift */ = {isa = PBXFileReference; lastKnownFileType = sourcecode.swift; path = GIFMakerTests.swift; sourceTree = "<group>"; };
		4D6EF60A2584C4560019C6CB /* Info.plist */ = {isa = PBXFileReference; lastKnownFileType = text.plist.xml; path = Info.plist; sourceTree = "<group>"; };
		4D6EF60F2584C4560019C6CB /* GIFMakerUITests.xctest */ = {isa = PBXFileReference; explicitFileType = wrapper.cfbundle; includeInIndex = 0; path = GIFMakerUITests.xctest; sourceTree = BUILT_PRODUCTS_DIR; };
		4D6EF6132584C4560019C6CB /* GIFMakerUITests.swift */ = {isa = PBXFileReference; lastKnownFileType = sourcecode.swift; path = GIFMakerUITests.swift; sourceTree = "<group>"; };
		4D6EF6152584C4560019C6CB /* Info.plist */ = {isa = PBXFileReference; lastKnownFileType = text.plist.xml; path = Info.plist; sourceTree = "<group>"; };
		4D6EF6242584C5500019C6CB /* ffmpeg */ = {isa = PBXFileReference; lastKnownFileType = "compiled.mach-o.executable"; path = ffmpeg; sourceTree = "<group>"; };
		4D6EF62F258550F80019C6CB /* Terminal.swift */ = {isa = PBXFileReference; lastKnownFileType = sourcecode.swift; path = Terminal.swift; sourceTree = "<group>"; };
		4D6EF634258567F60019C6CB /* FFMpeg.swift */ = {isa = PBXFileReference; lastKnownFileType = sourcecode.swift; path = FFMpeg.swift; sourceTree = "<group>"; };
		4DB8551A25896CED0011F898 /* SaveOpenManager.swift */ = {isa = PBXFileReference; lastKnownFileType = sourcecode.swift; path = SaveOpenManager.swift; sourceTree = "<group>"; };
		4DBA761F2585A29900572FA8 /* DropView.swift */ = {isa = PBXFileReference; lastKnownFileType = sourcecode.swift; path = DropView.swift; sourceTree = "<group>"; };
/* End PBXFileReference section */

/* Begin PBXFrameworksBuildPhase section */
		4D6EF5EF2584C4550019C6CB /* Frameworks */ = {
			isa = PBXFrameworksBuildPhase;
			buildActionMask = 2147483647;
			files = (
			);
			runOnlyForDeploymentPostprocessing = 0;
		};
		4D6EF6012584C4560019C6CB /* Frameworks */ = {
			isa = PBXFrameworksBuildPhase;
			buildActionMask = 2147483647;
			files = (
			);
			runOnlyForDeploymentPostprocessing = 0;
		};
		4D6EF60C2584C4560019C6CB /* Frameworks */ = {
			isa = PBXFrameworksBuildPhase;
			buildActionMask = 2147483647;
			files = (
			);
			runOnlyForDeploymentPostprocessing = 0;
		};
/* End PBXFrameworksBuildPhase section */

/* Begin PBXGroup section */
		4D4204242588753500694E6D /* SpriteKit */ = {
			isa = PBXGroup;
			children = (
				4D4204082586F23100694E6D /* GameScene.swift */,
				4D42040D2587E72800694E6D /* Confetti.sks */,
				4D42040E2587E72800694E6D /* Assets.xcassets */,
			);
			path = SpriteKit;
			sourceTree = "<group>";
		};
		4D4204252588758000694E6D /* Managers */ = {
			isa = PBXGroup;
			children = (
				4D4204032586DDE000694E6D /* SessionManager.swift */,
				4DB8551A25896CED0011F898 /* SaveOpenManager.swift */,
			);
			path = Managers;
			sourceTree = "<group>";
		};
		4D4204262588758900694E6D /* ViewModels */ = {
			isa = PBXGroup;
			children = (
			);
			path = ViewModels;
			sourceTree = "<group>";
		};
		4D6EF5E92584C4550019C6CB = {
			isa = PBXGroup;
			children = (
				4D6EF5F42584C4550019C6CB /* GIFMaker */,
				4D6EF6072584C4560019C6CB /* GIFMakerTests */,
				4D6EF6122584C4560019C6CB /* GIFMakerUITests */,
				4D6EF5F32584C4550019C6CB /* Products */,
			);
			sourceTree = "<group>";
		};
		4D6EF5F32584C4550019C6CB /* Products */ = {
			isa = PBXGroup;
			children = (
				4D6EF5F22584C4550019C6CB /* GIFMaker.app */,
				4D6EF6042584C4560019C6CB /* GIFMakerTests.xctest */,
				4D6EF60F2584C4560019C6CB /* GIFMakerUITests.xctest */,
			);
			name = Products;
			sourceTree = "<group>";
		};
		4D6EF5F42584C4550019C6CB /* GIFMaker */ = {
			isa = PBXGroup;
			children = (
				4D6EF5F52584C4550019C6CB /* GIFMakerApp.swift */,
				4D4204262588758900694E6D /* ViewModels */,
				4D4204252588758000694E6D /* Managers */,
				4D4204242588753500694E6D /* SpriteKit */,
				4DBA761E2585A24F00572FA8 /* FFMpeg */,
				4DBA761D2585A24A00572FA8 /* Views */,
				4D6EF62F258550F80019C6CB /* Terminal.swift */,
				4D6EF5F92584C4560019C6CB /* Assets.xcassets */,
				4D6EF5FE2584C4560019C6CB /* Info.plist */,
				4D6EF5FF2584C4560019C6CB /* GIFMaker.entitlements */,
				4D6EF5FB2584C4560019C6CB /* Preview Content */,
			);
			path = GIFMaker;
			sourceTree = "<group>";
		};
		4D6EF5FB2584C4560019C6CB /* Preview Content */ = {
			isa = PBXGroup;
			children = (
				4D6EF5FC2584C4560019C6CB /* Preview Assets.xcassets */,
			);
			path = "Preview Content";
			sourceTree = "<group>";
		};
		4D6EF6072584C4560019C6CB /* GIFMakerTests */ = {
			isa = PBXGroup;
			children = (
				4D6EF6082584C4560019C6CB /* GIFMakerTests.swift */,
				4D6EF60A2584C4560019C6CB /* Info.plist */,
			);
			path = GIFMakerTests;
			sourceTree = "<group>";
		};
		4D6EF6122584C4560019C6CB /* GIFMakerUITests */ = {
			isa = PBXGroup;
			children = (
				4D6EF6132584C4560019C6CB /* GIFMakerUITests.swift */,
				4D6EF6152584C4560019C6CB /* Info.plist */,
			);
			path = GIFMakerUITests;
			sourceTree = "<group>";
		};
		4DBA761D2585A24A00572FA8 /* Views */ = {
			isa = PBXGroup;
			children = (
				4D6EF5F72584C4550019C6CB /* ContentView.swift */,
				4DBA761F2585A29900572FA8 /* DropView.swift */,
				4D4204172588250B00694E6D /* InputView.swift */,
				4D42041F258852E000694E6D /* ConfigView.swift */,
			);
			path = Views;
			sourceTree = "<group>";
		};
		4DBA761E2585A24F00572FA8 /* FFMpeg */ = {
			isa = PBXGroup;
			children = (
				4D6EF6242584C5500019C6CB /* ffmpeg */,
				4D6EF634258567F60019C6CB /* FFMpeg.swift */,
			);
			path = FFMpeg;
			sourceTree = "<group>";
		};
/* End PBXGroup section */

/* Begin PBXNativeTarget section */
		4D6EF5F12584C4550019C6CB /* GIFMaker */ = {
			isa = PBXNativeTarget;
			buildConfigurationList = 4D6EF6182584C4560019C6CB /* Build configuration list for PBXNativeTarget "GIFMaker" */;
			buildPhases = (
				4D6EF5EE2584C4550019C6CB /* Sources */,
				4D6EF5EF2584C4550019C6CB /* Frameworks */,
				4D6EF5F02584C4550019C6CB /* Resources */,
			);
			buildRules = (
			);
			dependencies = (
			);
			name = GIFMaker;
			productName = GIFMaker;
			productReference = 4D6EF5F22584C4550019C6CB /* GIFMaker.app */;
			productType = "com.apple.product-type.application";
		};
		4D6EF6032584C4560019C6CB /* GIFMakerTests */ = {
			isa = PBXNativeTarget;
			buildConfigurationList = 4D6EF61B2584C4560019C6CB /* Build configuration list for PBXNativeTarget "GIFMakerTests" */;
			buildPhases = (
				4D6EF6002584C4560019C6CB /* Sources */,
				4D6EF6012584C4560019C6CB /* Frameworks */,
				4D6EF6022584C4560019C6CB /* Resources */,
			);
			buildRules = (
			);
			dependencies = (
				4D6EF6062584C4560019C6CB /* PBXTargetDependency */,
			);
			name = GIFMakerTests;
			productName = GIFMakerTests;
			productReference = 4D6EF6042584C4560019C6CB /* GIFMakerTests.xctest */;
			productType = "com.apple.product-type.bundle.unit-test";
		};
		4D6EF60E2584C4560019C6CB /* GIFMakerUITests */ = {
			isa = PBXNativeTarget;
			buildConfigurationList = 4D6EF61E2584C4560019C6CB /* Build configuration list for PBXNativeTarget "GIFMakerUITests" */;
			buildPhases = (
				4D6EF60B2584C4560019C6CB /* Sources */,
				4D6EF60C2584C4560019C6CB /* Frameworks */,
				4D6EF60D2584C4560019C6CB /* Resources */,
			);
			buildRules = (
			);
			dependencies = (
				4D6EF6112584C4560019C6CB /* PBXTargetDependency */,
			);
			name = GIFMakerUITests;
			productName = GIFMakerUITests;
			productReference = 4D6EF60F2584C4560019C6CB /* GIFMakerUITests.xctest */;
			productType = "com.apple.product-type.bundle.ui-testing";
		};
/* End PBXNativeTarget section */

/* Begin PBXProject section */
		4D6EF5EA2584C4550019C6CB /* Project object */ = {
			isa = PBXProject;
			attributes = {
				LastSwiftUpdateCheck = 1220;
				LastUpgradeCheck = 1220;
				TargetAttributes = {
					4D6EF5F12584C4550019C6CB = {
						CreatedOnToolsVersion = 12.2;
					};
					4D6EF6032584C4560019C6CB = {
						CreatedOnToolsVersion = 12.2;
						TestTargetID = 4D6EF5F12584C4550019C6CB;
					};
					4D6EF60E2584C4560019C6CB = {
						CreatedOnToolsVersion = 12.2;
						TestTargetID = 4D6EF5F12584C4550019C6CB;
					};
				};
			};
			buildConfigurationList = 4D6EF5ED2584C4550019C6CB /* Build configuration list for PBXProject "GIFMaker" */;
			compatibilityVersion = "Xcode 9.3";
			developmentRegion = en;
			hasScannedForEncodings = 0;
			knownRegions = (
				en,
				Base,
			);
			mainGroup = 4D6EF5E92584C4550019C6CB;
			productRefGroup = 4D6EF5F32584C4550019C6CB /* Products */;
			projectDirPath = "";
			projectRoot = "";
			targets = (
				4D6EF5F12584C4550019C6CB /* GIFMaker */,
				4D6EF6032584C4560019C6CB /* GIFMakerTests */,
				4D6EF60E2584C4560019C6CB /* GIFMakerUITests */,
			);
		};
/* End PBXProject section */

/* Begin PBXResourcesBuildPhase section */
		4D6EF5F02584C4550019C6CB /* Resources */ = {
			isa = PBXResourcesBuildPhase;
			buildActionMask = 2147483647;
			files = (
				4D6EF5FD2584C4560019C6CB /* Preview Assets.xcassets in Resources */,
				4D6EF6252584C5500019C6CB /* ffmpeg in Resources */,
				4D6EF5FA2584C4560019C6CB /* Assets.xcassets in Resources */,
				4D42040F2587E72800694E6D /* Confetti.sks in Resources */,
				4D4204102587E72800694E6D /* Assets.xcassets in Resources */,
			);
			runOnlyForDeploymentPostprocessing = 0;
		};
		4D6EF6022584C4560019C6CB /* Resources */ = {
			isa = PBXResourcesBuildPhase;
			buildActionMask = 2147483647;
			files = (
			);
			runOnlyForDeploymentPostprocessing = 0;
		};
		4D6EF60D2584C4560019C6CB /* Resources */ = {
			isa = PBXResourcesBuildPhase;
			buildActionMask = 2147483647;
			files = (
			);
			runOnlyForDeploymentPostprocessing = 0;
		};
/* End PBXResourcesBuildPhase section */

/* Begin PBXSourcesBuildPhase section */
		4D6EF5EE2584C4550019C6CB /* Sources */ = {
			isa = PBXSourcesBuildPhase;
			buildActionMask = 2147483647;
			files = (
				4DB8551B25896CED0011F898 /* SaveOpenManager.swift in Sources */,
				4D6EF635258567F60019C6CB /* FFMpeg.swift in Sources */,
				4D6EF630258550F80019C6CB /* Terminal.swift in Sources */,
				4D4204042586DDE000694E6D /* SessionManager.swift in Sources */,
				4D420420258852E000694E6D /* ConfigView.swift in Sources */,
				4D6EF5F82584C4550019C6CB /* ContentView.swift in Sources */,
				4D6EF5F62584C4550019C6CB /* GIFMakerApp.swift in Sources */,
				4D4204182588250B00694E6D /* InputView.swift in Sources */,
				4D4204092586F23100694E6D /* GameScene.swift in Sources */,
				4DBA76202585A29900572FA8 /* DropView.swift in Sources */,
			);
			runOnlyForDeploymentPostprocessing = 0;
		};
		4D6EF6002584C4560019C6CB /* Sources */ = {
			isa = PBXSourcesBuildPhase;
			buildActionMask = 2147483647;
			files = (
				4D6EF6092584C4560019C6CB /* GIFMakerTests.swift in Sources */,
			);
			runOnlyForDeploymentPostprocessing = 0;
		};
		4D6EF60B2584C4560019C6CB /* Sources */ = {
			isa = PBXSourcesBuildPhase;
			buildActionMask = 2147483647;
			files = (
				4D6EF6142584C4560019C6CB /* GIFMakerUITests.swift in Sources */,
			);
			runOnlyForDeploymentPostprocessing = 0;
		};
/* End PBXSourcesBuildPhase section */

/* Begin PBXTargetDependency section */
		4D6EF6062584C4560019C6CB /* PBXTargetDependency */ = {
			isa = PBXTargetDependency;
			target = 4D6EF5F12584C4550019C6CB /* GIFMaker */;
			targetProxy = 4D6EF6052584C4560019C6CB /* PBXContainerItemProxy */;
		};
		4D6EF6112584C4560019C6CB /* PBXTargetDependency */ = {
			isa = PBXTargetDependency;
			target = 4D6EF5F12584C4550019C6CB /* GIFMaker */;
			targetProxy = 4D6EF6102584C4560019C6CB /* PBXContainerItemProxy */;
		};
/* End PBXTargetDependency section */

/* Begin XCBuildConfiguration section */
		4D6EF6162584C4560019C6CB /* Debug */ = {
			isa = XCBuildConfiguration;
			buildSettings = {
				ALWAYS_SEARCH_USER_PATHS = NO;
				CLANG_ANALYZER_NONNULL = YES;
				CLANG_ANALYZER_NUMBER_OBJECT_CONVERSION = YES_AGGRESSIVE;
				CLANG_CXX_LANGUAGE_STANDARD = "gnu++14";
				CLANG_CXX_LIBRARY = "libc++";
				CLANG_ENABLE_MODULES = YES;
				CLANG_ENABLE_OBJC_ARC = YES;
				CLANG_ENABLE_OBJC_WEAK = YES;
				CLANG_WARN_BLOCK_CAPTURE_AUTORELEASING = YES;
				CLANG_WARN_BOOL_CONVERSION = YES;
				CLANG_WARN_COMMA = YES;
				CLANG_WARN_CONSTANT_CONVERSION = YES;
				CLANG_WARN_DEPRECATED_OBJC_IMPLEMENTATIONS = YES;
				CLANG_WARN_DIRECT_OBJC_ISA_USAGE = YES_ERROR;
				CLANG_WARN_DOCUMENTATION_COMMENTS = YES;
				CLANG_WARN_EMPTY_BODY = YES;
				CLANG_WARN_ENUM_CONVERSION = YES;
				CLANG_WARN_INFINITE_RECURSION = YES;
				CLANG_WARN_INT_CONVERSION = YES;
				CLANG_WARN_NON_LITERAL_NULL_CONVERSION = YES;
				CLANG_WARN_OBJC_IMPLICIT_RETAIN_SELF = YES;
				CLANG_WARN_OBJC_LITERAL_CONVERSION = YES;
				CLANG_WARN_OBJC_ROOT_CLASS = YES_ERROR;
				CLANG_WARN_QUOTED_INCLUDE_IN_FRAMEWORK_HEADER = YES;
				CLANG_WARN_RANGE_LOOP_ANALYSIS = YES;
				CLANG_WARN_STRICT_PROTOTYPES = YES;
				CLANG_WARN_SUSPICIOUS_MOVE = YES;
				CLANG_WARN_UNGUARDED_AVAILABILITY = YES_AGGRESSIVE;
				CLANG_WARN_UNREACHABLE_CODE = YES;
				CLANG_WARN__DUPLICATE_METHOD_MATCH = YES;
				COPY_PHASE_STRIP = NO;
				DEBUG_INFORMATION_FORMAT = dwarf;
				ENABLE_STRICT_OBJC_MSGSEND = YES;
				ENABLE_TESTABILITY = YES;
				GCC_C_LANGUAGE_STANDARD = gnu11;
				GCC_DYNAMIC_NO_PIC = NO;
				GCC_NO_COMMON_BLOCKS = YES;
				GCC_OPTIMIZATION_LEVEL = 0;
				GCC_PREPROCESSOR_DEFINITIONS = (
					"DEBUG=1",
					"$(inherited)",
				);
				GCC_WARN_64_TO_32_BIT_CONVERSION = YES;
				GCC_WARN_ABOUT_RETURN_TYPE = YES_ERROR;
				GCC_WARN_UNDECLARED_SELECTOR = YES;
				GCC_WARN_UNINITIALIZED_AUTOS = YES_AGGRESSIVE;
				GCC_WARN_UNUSED_FUNCTION = YES;
				GCC_WARN_UNUSED_VARIABLE = YES;
				MACOSX_DEPLOYMENT_TARGET = 11.0;
				MTL_ENABLE_DEBUG_INFO = INCLUDE_SOURCE;
				MTL_FAST_MATH = YES;
				ONLY_ACTIVE_ARCH = YES;
				SDKROOT = macosx;
				SWIFT_ACTIVE_COMPILATION_CONDITIONS = DEBUG;
				SWIFT_OPTIMIZATION_LEVEL = "-Onone";
			};
			name = Debug;
		};
		4D6EF6172584C4560019C6CB /* Release */ = {
			isa = XCBuildConfiguration;
			buildSettings = {
				ALWAYS_SEARCH_USER_PATHS = NO;
				CLANG_ANALYZER_NONNULL = YES;
				CLANG_ANALYZER_NUMBER_OBJECT_CONVERSION = YES_AGGRESSIVE;
				CLANG_CXX_LANGUAGE_STANDARD = "gnu++14";
				CLANG_CXX_LIBRARY = "libc++";
				CLANG_ENABLE_MODULES = YES;
				CLANG_ENABLE_OBJC_ARC = YES;
				CLANG_ENABLE_OBJC_WEAK = YES;
				CLANG_WARN_BLOCK_CAPTURE_AUTORELEASING = YES;
				CLANG_WARN_BOOL_CONVERSION = YES;
				CLANG_WARN_COMMA = YES;
				CLANG_WARN_CONSTANT_CONVERSION = YES;
				CLANG_WARN_DEPRECATED_OBJC_IMPLEMENTATIONS = YES;
				CLANG_WARN_DIRECT_OBJC_ISA_USAGE = YES_ERROR;
				CLANG_WARN_DOCUMENTATION_COMMENTS = YES;
				CLANG_WARN_EMPTY_BODY = YES;
				CLANG_WARN_ENUM_CONVERSION = YES;
				CLANG_WARN_INFINITE_RECURSION = YES;
				CLANG_WARN_INT_CONVERSION = YES;
				CLANG_WARN_NON_LITERAL_NULL_CONVERSION = YES;
				CLANG_WARN_OBJC_IMPLICIT_RETAIN_SELF = YES;
				CLANG_WARN_OBJC_LITERAL_CONVERSION = YES;
				CLANG_WARN_OBJC_ROOT_CLASS = YES_ERROR;
				CLANG_WARN_QUOTED_INCLUDE_IN_FRAMEWORK_HEADER = YES;
				CLANG_WARN_RANGE_LOOP_ANALYSIS = YES;
				CLANG_WARN_STRICT_PROTOTYPES = YES;
				CLANG_WARN_SUSPICIOUS_MOVE = YES;
				CLANG_WARN_UNGUARDED_AVAILABILITY = YES_AGGRESSIVE;
				CLANG_WARN_UNREACHABLE_CODE = YES;
				CLANG_WARN__DUPLICATE_METHOD_MATCH = YES;
				COPY_PHASE_STRIP = NO;
				DEBUG_INFORMATION_FORMAT = "dwarf-with-dsym";
				ENABLE_NS_ASSERTIONS = NO;
				ENABLE_STRICT_OBJC_MSGSEND = YES;
				GCC_C_LANGUAGE_STANDARD = gnu11;
				GCC_NO_COMMON_BLOCKS = YES;
				GCC_WARN_64_TO_32_BIT_CONVERSION = YES;
				GCC_WARN_ABOUT_RETURN_TYPE = YES_ERROR;
				GCC_WARN_UNDECLARED_SELECTOR = YES;
				GCC_WARN_UNINITIALIZED_AUTOS = YES_AGGRESSIVE;
				GCC_WARN_UNUSED_FUNCTION = YES;
				GCC_WARN_UNUSED_VARIABLE = YES;
				MACOSX_DEPLOYMENT_TARGET = 11.0;
				MTL_ENABLE_DEBUG_INFO = NO;
				MTL_FAST_MATH = YES;
				SDKROOT = macosx;
				SWIFT_COMPILATION_MODE = wholemodule;
				SWIFT_OPTIMIZATION_LEVEL = "-O";
			};
			name = Release;
		};
		4D6EF6192584C4560019C6CB /* Debug */ = {
			isa = XCBuildConfiguration;
			buildSettings = {
				ASSETCATALOG_COMPILER_APPICON_NAME = AppIcon;
				ASSETCATALOG_COMPILER_GLOBAL_ACCENT_COLOR_NAME = AccentColor;
				CODE_SIGN_ENTITLEMENTS = GIFMaker/GIFMaker.entitlements;
				CODE_SIGN_STYLE = Automatic;
				COMBINE_HIDPI_IMAGES = YES;
				DEVELOPMENT_ASSET_PATHS = "\"GIFMaker/Preview Content\"";
				DEVELOPMENT_TEAM = EH59283EWX;
				ENABLE_HARDENED_RUNTIME = YES;
				ENABLE_PREVIEWS = YES;
				INFOPLIST_FILE = GIFMaker/Info.plist;
				LD_RUNPATH_SEARCH_PATHS = (
					"$(inherited)",
					"@executable_path/../Frameworks",
				);
				MACOSX_DEPLOYMENT_TARGET = 11.0;
				PRODUCT_BUNDLE_IDENTIFIER = JKLOL.GIFMaker;
				PRODUCT_NAME = "$(TARGET_NAME)";
				SWIFT_VERSION = 5.0;
			};
			name = Debug;
		};
		4D6EF61A2584C4560019C6CB /* Release */ = {
			isa = XCBuildConfiguration;
			buildSettings = {
				ASSETCATALOG_COMPILER_APPICON_NAME = AppIcon;
				ASSETCATALOG_COMPILER_GLOBAL_ACCENT_COLOR_NAME = AccentColor;
				CODE_SIGN_ENTITLEMENTS = GIFMaker/GIFMaker.entitlements;
				CODE_SIGN_STYLE = Automatic;
				COMBINE_HIDPI_IMAGES = YES;
				DEVELOPMENT_ASSET_PATHS = "\"GIFMaker/Preview Content\"";
				DEVELOPMENT_TEAM = EH59283EWX;
				ENABLE_HARDENED_RUNTIME = YES;
				ENABLE_PREVIEWS = YES;
				INFOPLIST_FILE = GIFMaker/Info.plist;
				LD_RUNPATH_SEARCH_PATHS = (
					"$(inherited)",
					"@executable_path/../Frameworks",
				);
				MACOSX_DEPLOYMENT_TARGET = 11.0;
				PRODUCT_BUNDLE_IDENTIFIER = JKLOL.GIFMaker;
				PRODUCT_NAME = "$(TARGET_NAME)";
				SWIFT_VERSION = 5.0;
			};
			name = Release;
		};
		4D6EF61C2584C4560019C6CB /* Debug */ = {
			isa = XCBuildConfiguration;
			buildSettings = {
				ALWAYS_EMBED_SWIFT_STANDARD_LIBRARIES = YES;
				BUNDLE_LOADER = "$(TEST_HOST)";
				CODE_SIGN_STYLE = Automatic;
				COMBINE_HIDPI_IMAGES = YES;
				DEVELOPMENT_TEAM = EH59283EWX;
				INFOPLIST_FILE = GIFMakerTests/Info.plist;
				LD_RUNPATH_SEARCH_PATHS = (
					"$(inherited)",
					"@executable_path/../Frameworks",
					"@loader_path/../Frameworks",
				);
				MACOSX_DEPLOYMENT_TARGET = 11.0;
				PRODUCT_BUNDLE_IDENTIFIER = JKLOL.GIFMakerTests;
				PRODUCT_NAME = "$(TARGET_NAME)";
				SWIFT_VERSION = 5.0;
				TEST_HOST = "$(BUILT_PRODUCTS_DIR)/GIFMaker.app/Contents/MacOS/GIFMaker";
			};
			name = Debug;
		};
		4D6EF61D2584C4560019C6CB /* Release */ = {
			isa = XCBuildConfiguration;
			buildSettings = {
				ALWAYS_EMBED_SWIFT_STANDARD_LIBRARIES = YES;
				BUNDLE_LOADER = "$(TEST_HOST)";
				CODE_SIGN_STYLE = Automatic;
				COMBINE_HIDPI_IMAGES = YES;
				DEVELOPMENT_TEAM = EH59283EWX;
				INFOPLIST_FILE = GIFMakerTests/Info.plist;
				LD_RUNPATH_SEARCH_PATHS = (
					"$(inherited)",
					"@executable_path/../Frameworks",
					"@loader_path/../Frameworks",
				);
				MACOSX_DEPLOYMENT_TARGET = 11.0;
				PRODUCT_BUNDLE_IDENTIFIER = JKLOL.GIFMakerTests;
				PRODUCT_NAME = "$(TARGET_NAME)";
				SWIFT_VERSION = 5.0;
				TEST_HOST = "$(BUILT_PRODUCTS_DIR)/GIFMaker.app/Contents/MacOS/GIFMaker";
			};
			name = Release;
		};
		4D6EF61F2584C4560019C6CB /* Debug */ = {
			isa = XCBuildConfiguration;
			buildSettings = {
				ALWAYS_EMBED_SWIFT_STANDARD_LIBRARIES = YES;
				CODE_SIGN_STYLE = Automatic;
				COMBINE_HIDPI_IMAGES = YES;
				DEVELOPMENT_TEAM = EH59283EWX;
				INFOPLIST_FILE = GIFMakerUITests/Info.plist;
				LD_RUNPATH_SEARCH_PATHS = (
					"$(inherited)",
					"@executable_path/../Frameworks",
					"@loader_path/../Frameworks",
				);
				PRODUCT_BUNDLE_IDENTIFIER = JKLOL.GIFMakerUITests;
				PRODUCT_NAME = "$(TARGET_NAME)";
				SWIFT_VERSION = 5.0;
				TEST_TARGET_NAME = GIFMaker;
			};
			name = Debug;
		};
		4D6EF6202584C4560019C6CB /* Release */ = {
			isa = XCBuildConfiguration;
			buildSettings = {
				ALWAYS_EMBED_SWIFT_STANDARD_LIBRARIES = YES;
				CODE_SIGN_STYLE = Automatic;
				COMBINE_HIDPI_IMAGES = YES;
				DEVELOPMENT_TEAM = EH59283EWX;
				INFOPLIST_FILE = GIFMakerUITests/Info.plist;
				LD_RUNPATH_SEARCH_PATHS = (
					"$(inherited)",
					"@executable_path/../Frameworks",
					"@loader_path/../Frameworks",
				);
				PRODUCT_BUNDLE_IDENTIFIER = JKLOL.GIFMakerUITests;
				PRODUCT_NAME = "$(TARGET_NAME)";
				SWIFT_VERSION = 5.0;
				TEST_TARGET_NAME = GIFMaker;
			};
			name = Release;
		};
/* End XCBuildConfiguration section */

/* Begin XCConfigurationList section */
		4D6EF5ED2584C4550019C6CB /* Build configuration list for PBXProject "GIFMaker" */ = {
			isa = XCConfigurationList;
			buildConfigurations = (
				4D6EF6162584C4560019C6CB /* Debug */,
				4D6EF6172584C4560019C6CB /* Release */,
			);
			defaultConfigurationIsVisible = 0;
			defaultConfigurationName = Release;
		};
		4D6EF6182584C4560019C6CB /* Build configuration list for PBXNativeTarget "GIFMaker" */ = {
			isa = XCConfigurationList;
			buildConfigurations = (
				4D6EF6192584C4560019C6CB /* Debug */,
				4D6EF61A2584C4560019C6CB /* Release */,
			);
			defaultConfigurationIsVisible = 0;
			defaultConfigurationName = Release;
		};
		4D6EF61B2584C4560019C6CB /* Build configuration list for PBXNativeTarget "GIFMakerTests" */ = {
			isa = XCConfigurationList;
			buildConfigurations = (
				4D6EF61C2584C4560019C6CB /* Debug */,
				4D6EF61D2584C4560019C6CB /* Release */,
			);
			defaultConfigurationIsVisible = 0;
			defaultConfigurationName = Release;
		};
		4D6EF61E2584C4560019C6CB /* Build configuration list for PBXNativeTarget "GIFMakerUITests" */ = {
			isa = XCConfigurationList;
			buildConfigurations = (
				4D6EF61F2584C4560019C6CB /* Debug */,
				4D6EF6202584C4560019C6CB /* Release */,
			);
			defaultConfigurationIsVisible = 0;
			defaultConfigurationName = Release;
		};
/* End XCConfigurationList section */
	};
	rootObject = 4D6EF5EA2584C4550019C6CB /* Project object */;
}
